// !$*UTF8*$!
{
	archiveVersion = 1;
	classes = {
	};
	objectVersion = 46;
	objects = {

/* Begin PBXBuildFile section */
		601DD6DA1EB4E2A700F3CD8B /* AppDelegate.swift in Sources */ = {isa = PBXBuildFile; fileRef = 601DD6D91EB4E2A700F3CD8B /* AppDelegate.swift */; };
		601DD6DC1EB4E2A700F3CD8B /* ViewController.swift in Sources */ = {isa = PBXBuildFile; fileRef = 601DD6DB1EB4E2A700F3CD8B /* ViewController.swift */; };
		601DD6DF1EB4E2A700F3CD8B /* Main.storyboard in Resources */ = {isa = PBXBuildFile; fileRef = 601DD6DD1EB4E2A700F3CD8B /* Main.storyboard */; };
		601DD6E11EB4E2A700F3CD8B /* Assets.xcassets in Resources */ = {isa = PBXBuildFile; fileRef = 601DD6E01EB4E2A700F3CD8B /* Assets.xcassets */; };
		601DD6E41EB4E2A700F3CD8B /* LaunchScreen.storyboard in Resources */ = {isa = PBXBuildFile; fileRef = 601DD6E21EB4E2A700F3CD8B /* LaunchScreen.storyboard */; };
		601DD6EF1EB4E2A700F3CD8B /* AutoLayoutTests.swift in Sources */ = {isa = PBXBuildFile; fileRef = 601DD6EE1EB4E2A700F3CD8B /* AutoLayoutTests.swift */; };
		601DD6FA1EB4E2A700F3CD8B /* AutoLayoutUITests.swift in Sources */ = {isa = PBXBuildFile; fileRef = 601DD6F91EB4E2A700F3CD8B /* AutoLayoutUITests.swift */; };
/* End PBXBuildFile section */

/* Begin PBXContainerItemProxy section */
		601DD6EB1EB4E2A700F3CD8B /* PBXContainerItemProxy */ = {
			isa = PBXContainerItemProxy;
			containerPortal = 601DD6CE1EB4E2A600F3CD8B /* Project object */;
			proxyType = 1;
			remoteGlobalIDString = 601DD6D51EB4E2A700F3CD8B;
			remoteInfo = AutoLayout;
		};
		601DD6F61EB4E2A700F3CD8B /* PBXContainerItemProxy */ = {
			isa = PBXContainerItemProxy;
			containerPortal = 601DD6CE1EB4E2A600F3CD8B /* Project object */;
			proxyType = 1;
			remoteGlobalIDString = 601DD6D51EB4E2A700F3CD8B;
			remoteInfo = AutoLayout;
		};
/* End PBXContainerItemProxy section */

/* Begin PBXFileReference section */
		601DD6D61EB4E2A700F3CD8B /* AutoLayout.app */ = {isa = PBXFileReference; explicitFileType = wrapper.application; includeInIndex = 0; path = AutoLayout.app; sourceTree = BUILT_PRODUCTS_DIR; };
		601DD6D91EB4E2A700F3CD8B /* AppDelegate.swift */ = {isa = PBXFileReference; lastKnownFileType = sourcecode.swift; path = AppDelegate.swift; sourceTree = "<group>"; };
		601DD6DB1EB4E2A700F3CD8B /* ViewController.swift */ = {isa = PBXFileReference; lastKnownFileType = sourcecode.swift; path = ViewController.swift; sourceTree = "<group>"; };
		601DD6DE1EB4E2A700F3CD8B /* Base */ = {isa = PBXFileReference; lastKnownFileType = file.storyboard; name = Base; path = Base.lproj/Main.storyboard; sourceTree = "<group>"; };
		601DD6E01EB4E2A700F3CD8B /* Assets.xcassets */ = {isa = PBXFileReference; lastKnownFileType = folder.assetcatalog; path = Assets.xcassets; sourceTree = "<group>"; };
		601DD6E31EB4E2A700F3CD8B /* Base */ = {isa = PBXFileReference; lastKnownFileType = file.storyboard; name = Base; path = Base.lproj/LaunchScreen.storyboard; sourceTree = "<group>"; };
		601DD6E51EB4E2A700F3CD8B /* Info.plist */ = {isa = PBXFileReference; lastKnownFileType = text.plist.xml; path = Info.plist; sourceTree = "<group>"; };
		601DD6EA1EB4E2A700F3CD8B /* AutoLayoutTests.xctest */ = {isa = PBXFileReference; explicitFileType = wrapper.cfbundle; includeInIndex = 0; path = AutoLayoutTests.xctest; sourceTree = BUILT_PRODUCTS_DIR; };
		601DD6EE1EB4E2A700F3CD8B /* AutoLayoutTests.swift */ = {isa = PBXFileReference; lastKnownFileType = sourcecode.swift; path = AutoLayoutTests.swift; sourceTree = "<group>"; };
		601DD6F01EB4E2A700F3CD8B /* Info.plist */ = {isa = PBXFileReference; lastKnownFileType = text.plist.xml; path = Info.plist; sourceTree = "<group>"; };
		601DD6F51EB4E2A700F3CD8B /* AutoLayoutUITests.xctest */ = {isa = PBXFileReference; explicitFileType = wrapper.cfbundle; includeInIndex = 0; path = AutoLayoutUITests.xctest; sourceTree = BUILT_PRODUCTS_DIR; };
		601DD6F91EB4E2A700F3CD8B /* AutoLayoutUITests.swift */ = {isa = PBXFileReference; lastKnownFileType = sourcecode.swift; path = AutoLayoutUITests.swift; sourceTree = "<group>"; };
		601DD6FB1EB4E2A700F3CD8B /* Info.plist */ = {isa = PBXFileReference; lastKnownFileType = text.plist.xml; path = Info.plist; sourceTree = "<group>"; };
/* End PBXFileReference section */

/* Begin PBXFrameworksBuildPhase section */
		601DD6D31EB4E2A700F3CD8B /* Frameworks */ = {
			isa = PBXFrameworksBuildPhase;
			buildActionMask = 2147483647;
			files = (
			);
			runOnlyForDeploymentPostprocessing = 0;
		};
		601DD6E71EB4E2A700F3CD8B /* Frameworks */ = {
			isa = PBXFrameworksBuildPhase;
			buildActionMask = 2147483647;
			files = (
			);
			runOnlyForDeploymentPostprocessing = 0;
		};
		601DD6F21EB4E2A700F3CD8B /* Frameworks */ = {
			isa = PBXFrameworksBuildPhase;
			buildActionMask = 2147483647;
			files = (
			);
			runOnlyForDeploymentPostprocessing = 0;
		};
/* End PBXFrameworksBuildPhase section */

/* Begin PBXGroup section */
		601DD6CD1EB4E2A600F3CD8B = {
			isa = PBXGroup;
			children = (
				601DD6D81EB4E2A700F3CD8B /* AutoLayout */,
				601DD6ED1EB4E2A700F3CD8B /* AutoLayoutTests */,
				601DD6F81EB4E2A700F3CD8B /* AutoLayoutUITests */,
				601DD6D71EB4E2A700F3CD8B /* Products */,
			);
			sourceTree = "<group>";
		};
		601DD6D71EB4E2A700F3CD8B /* Products */ = {
			isa = PBXGroup;
			children = (
				601DD6D61EB4E2A700F3CD8B /* AutoLayout.app */,
				601DD6EA1EB4E2A700F3CD8B /* AutoLayoutTests.xctest */,
				601DD6F51EB4E2A700F3CD8B /* AutoLayoutUITests.xctest */,
			);
			name = Products;
			sourceTree = "<group>";
		};
		601DD6D81EB4E2A700F3CD8B /* AutoLayout */ = {
			isa = PBXGroup;
			children = (
				601DD6D91EB4E2A700F3CD8B /* AppDelegate.swift */,
				601DD6DB1EB4E2A700F3CD8B /* ViewController.swift */,
				601DD6DD1EB4E2A700F3CD8B /* Main.storyboard */,
				601DD6E01EB4E2A700F3CD8B /* Assets.xcassets */,
				601DD6E21EB4E2A700F3CD8B /* LaunchScreen.storyboard */,
				601DD6E51EB4E2A700F3CD8B /* Info.plist */,
			);
			path = AutoLayout;
			sourceTree = "<group>";
		};
		601DD6ED1EB4E2A700F3CD8B /* AutoLayoutTests */ = {
			isa = PBXGroup;
			children = (
				601DD6EE1EB4E2A700F3CD8B /* AutoLayoutTests.swift */,
				601DD6F01EB4E2A700F3CD8B /* Info.plist */,
			);
			path = AutoLayoutTests;
			sourceTree = "<group>";
		};
		601DD6F81EB4E2A700F3CD8B /* AutoLayoutUITests */ = {
			isa = PBXGroup;
			children = (
				601DD6F91EB4E2A700F3CD8B /* AutoLayoutUITests.swift */,
				601DD6FB1EB4E2A700F3CD8B /* Info.plist */,
			);
			path = AutoLayoutUITests;
			sourceTree = "<group>";
		};
/* End PBXGroup section */

/* Begin PBXNativeTarget section */
		601DD6D51EB4E2A700F3CD8B /* AutoLayout */ = {
			isa = PBXNativeTarget;
			buildConfigurationList = 601DD6FE1EB4E2A700F3CD8B /* Build configuration list for PBXNativeTarget "AutoLayout" */;
			buildPhases = (
				601DD6D21EB4E2A700F3CD8B /* Sources */,
				601DD6D31EB4E2A700F3CD8B /* Frameworks */,
				601DD6D41EB4E2A700F3CD8B /* Resources */,
			);
			buildRules = (
			);
			dependencies = (
			);
			name = AutoLayout;
			productName = AutoLayout;
			productReference = 601DD6D61EB4E2A700F3CD8B /* AutoLayout.app */;
			productType = "com.apple.product-type.application";
		};
		601DD6E91EB4E2A700F3CD8B /* AutoLayoutTests */ = {
			isa = PBXNativeTarget;
			buildConfigurationList = 601DD7011EB4E2A700F3CD8B /* Build configuration list for PBXNativeTarget "AutoLayoutTests" */;
			buildPhases = (
				601DD6E61EB4E2A700F3CD8B /* Sources */,
				601DD6E71EB4E2A700F3CD8B /* Frameworks */,
				601DD6E81EB4E2A700F3CD8B /* Resources */,
			);
			buildRules = (
			);
			dependencies = (
				601DD6EC1EB4E2A700F3CD8B /* PBXTargetDependency */,
			);
			name = AutoLayoutTests;
			productName = AutoLayoutTests;
			productReference = 601DD6EA1EB4E2A700F3CD8B /* AutoLayoutTests.xctest */;
			productType = "com.apple.product-type.bundle.unit-test";
		};
		601DD6F41EB4E2A700F3CD8B /* AutoLayoutUITests */ = {
			isa = PBXNativeTarget;
			buildConfigurationList = 601DD7041EB4E2A700F3CD8B /* Build configuration list for PBXNativeTarget "AutoLayoutUITests" */;
			buildPhases = (
				601DD6F11EB4E2A700F3CD8B /* Sources */,
				601DD6F21EB4E2A700F3CD8B /* Frameworks */,
				601DD6F31EB4E2A700F3CD8B /* Resources */,
			);
			buildRules = (
			);
			dependencies = (
				601DD6F71EB4E2A700F3CD8B /* PBXTargetDependency */,
			);
			name = AutoLayoutUITests;
			productName = AutoLayoutUITests;
			productReference = 601DD6F51EB4E2A700F3CD8B /* AutoLayoutUITests.xctest */;
			productType = "com.apple.product-type.bundle.ui-testing";
		};
/* End PBXNativeTarget section */

/* Begin PBXProject section */
		601DD6CE1EB4E2A600F3CD8B /* Project object */ = {
			isa = PBXProject;
			attributes = {
				LastSwiftUpdateCheck = 0820;
				LastUpgradeCheck = 0820;
				ORGANIZATIONNAME = "Pankaj Gupta";
				TargetAttributes = {
					601DD6D51EB4E2A700F3CD8B = {
						CreatedOnToolsVersion = 8.2.1;
						ProvisioningStyle = Automatic;
					};
					601DD6E91EB4E2A700F3CD8B = {
						CreatedOnToolsVersion = 8.2.1;
						ProvisioningStyle = Automatic;
						TestTargetID = 601DD6D51EB4E2A700F3CD8B;
					};
					601DD6F41EB4E2A700F3CD8B = {
						CreatedOnToolsVersion = 8.2.1;
						ProvisioningStyle = Automatic;
						TestTargetID = 601DD6D51EB4E2A700F3CD8B;
					};
				};
			};
			buildConfigurationList = 601DD6D11EB4E2A600F3CD8B /* Build configuration list for PBXProject "AutoLayout" */;
			compatibilityVersion = "Xcode 3.2";
			developmentRegion = English;
			hasScannedForEncodings = 0;
			knownRegions = (
				en,
				Base,
			);
			mainGroup = 601DD6CD1EB4E2A600F3CD8B;
			productRefGroup = 601DD6D71EB4E2A700F3CD8B /* Products */;
			projectDirPath = "";
			projectRoot = "";
			targets = (
				601DD6D51EB4E2A700F3CD8B /* AutoLayout */,
				601DD6E91EB4E2A700F3CD8B /* AutoLayoutTests */,
				601DD6F41EB4E2A700F3CD8B /* AutoLayoutUITests */,
			);
		};
/* End PBXProject section */

/* Begin PBXResourcesBuildPhase section */
		601DD6D41EB4E2A700F3CD8B /* Resources */ = {
			isa = PBXResourcesBuildPhase;
			buildActionMask = 2147483647;
			files = (
				601DD6E41EB4E2A700F3CD8B /* LaunchScreen.storyboard in Resources */,
				601DD6E11EB4E2A700F3CD8B /* Assets.xcassets in Resources */,
				601DD6DF1EB4E2A700F3CD8B /* Main.storyboard in Resources */,
			);
			runOnlyForDeploymentPostprocessing = 0;
		};
		601DD6E81EB4E2A700F3CD8B /* Resources */ = {
			isa = PBXResourcesBuildPhase;
			buildActionMask = 2147483647;
			files = (
			);
			runOnlyForDeploymentPostprocessing = 0;
		};
		601DD6F31EB4E2A700F3CD8B /* Resources */ = {
			isa = PBXResourcesBuildPhase;
			buildActionMask = 2147483647;
			files = (
			);
			runOnlyForDeploymentPostprocessing = 0;
		};
/* End PBXResourcesBuildPhase section */

/* Begin PBXSourcesBuildPhase section */
		601DD6D21EB4E2A700F3CD8B /* Sources */ = {
			isa = PBXSourcesBuildPhase;
			buildActionMask = 2147483647;
			files = (
				601DD6DC1EB4E2A700F3CD8B /* ViewController.swift in Sources */,
				601DD6DA1EB4E2A700F3CD8B /* AppDelegate.swift in Sources */,
			);
			runOnlyForDeploymentPostprocessing = 0;
		};
		601DD6E61EB4E2A700F3CD8B /* Sources */ = {
			isa = PBXSourcesBuildPhase;
			buildActionMask = 2147483647;
			files = (
				601DD6EF1EB4E2A700F3CD8B /* AutoLayoutTests.swift in Sources */,
			);
			runOnlyForDeploymentPostprocessing = 0;
		};
		601DD6F11EB4E2A700F3CD8B /* Sources */ = {
			isa = PBXSourcesBuildPhase;
			buildActionMask = 2147483647;
			files = (
				601DD6FA1EB4E2A700F3CD8B /* AutoLayoutUITests.swift in Sources */,
			);
			runOnlyForDeploymentPostprocessing = 0;
		};
/* End PBXSourcesBuildPhase section */

/* Begin PBXTargetDependency section */
		601DD6EC1EB4E2A700F3CD8B /* PBXTargetDependency */ = {
			isa = PBXTargetDependency;
			target = 601DD6D51EB4E2A700F3CD8B /* AutoLayout */;
			targetProxy = 601DD6EB1EB4E2A700F3CD8B /* PBXContainerItemProxy */;
		};
		601DD6F71EB4E2A700F3CD8B /* PBXTargetDependency */ = {
			isa = PBXTargetDependency;
			target = 601DD6D51EB4E2A700F3CD8B /* AutoLayout */;
			targetProxy = 601DD6F61EB4E2A700F3CD8B /* PBXContainerItemProxy */;
		};
/* End PBXTargetDependency section */

/* Begin PBXVariantGroup section */
		601DD6DD1EB4E2A700F3CD8B /* Main.storyboard */ = {
			isa = PBXVariantGroup;
			children = (
				601DD6DE1EB4E2A700F3CD8B /* Base */,
			);
			name = Main.storyboard;
			sourceTree = "<group>";
		};
		601DD6E21EB4E2A700F3CD8B /* LaunchScreen.storyboard */ = {
			isa = PBXVariantGroup;
			children = (
				601DD6E31EB4E2A700F3CD8B /* Base */,
			);
			name = LaunchScreen.storyboard;
			sourceTree = "<group>";
		};
/* End PBXVariantGroup section */

/* Begin XCBuildConfiguration section */
		601DD6FC1EB4E2A700F3CD8B /* Debug */ = {
			isa = XCBuildConfiguration;
			buildSettings = {
				ALWAYS_SEARCH_USER_PATHS = NO;
				CLANG_ANALYZER_NONNULL = YES;
				CLANG_CXX_LANGUAGE_STANDARD = "gnu++0x";
				CLANG_CXX_LIBRARY = "libc++";
				CLANG_ENABLE_MODULES = YES;
				CLANG_ENABLE_OBJC_ARC = YES;
				CLANG_WARN_BOOL_CONVERSION = YES;
				CLANG_WARN_CONSTANT_CONVERSION = YES;
				CLANG_WARN_DIRECT_OBJC_ISA_USAGE = YES_ERROR;
				CLANG_WARN_DOCUMENTATION_COMMENTS = YES;
				CLANG_WARN_EMPTY_BODY = YES;
				CLANG_WARN_ENUM_CONVERSION = YES;
				CLANG_WARN_INFINITE_RECURSION = YES;
				CLANG_WARN_INT_CONVERSION = YES;
				CLANG_WARN_OBJC_ROOT_CLASS = YES_ERROR;
				CLANG_WARN_SUSPICIOUS_MOVE = YES;
				CLANG_WARN_UNREACHABLE_CODE = YES;
				CLANG_WARN__DUPLICATE_METHOD_MATCH = YES;
				"CODE_SIGN_IDENTITY[sdk=iphoneos*]" = "iPhone Developer";
				COPY_PHASE_STRIP = NO;
				DEBUG_INFORMATION_FORMAT = dwarf;
				ENABLE_STRICT_OBJC_MSGSEND = YES;
				ENABLE_TESTABILITY = YES;
				GCC_C_LANGUAGE_STANDARD = gnu99;
				GCC_DYNAMIC_NO_PIC = NO;
				GCC_NO_COMMON_BLOCKS = YES;
				GCC_OPTIMIZATION_LEVEL = 0;
				GCC_PREPROCESSOR_DEFINITIONS = (
					"DEBUG=1",
					"$(inherited)",
				);
				GCC_WARN_64_TO_32_BIT_CONVERSION = YES;
				GCC_WARN_ABOUT_RETURN_TYPE = YES_ERROR;
				GCC_WARN_UNDECLARED_SELECTOR = YES;
				GCC_WARN_UNINITIALIZED_AUTOS = YES_AGGRESSIVE;
				GCC_WARN_UNUSED_FUNCTION = YES;
				GCC_WARN_UNUSED_VARIABLE = YES;
				IPHONEOS_DEPLOYMENT_TARGET = 10.2;
				MTL_ENABLE_DEBUG_INFO = YES;
				ONLY_ACTIVE_ARCH = YES;
				SDKROOT = iphoneos;
				SWIFT_ACTIVE_COMPILATION_CONDITIONS = DEBUG;
				SWIFT_OPTIMIZATION_LEVEL = "-Onone";
				TARGETED_DEVICE_FAMILY = "1,2";
			};
			name = Debug;
		};
		601DD6FD1EB4E2A700F3CD8B /* Release */ = {
			isa = XCBuildConfiguration;
			buildSettings = {
				ALWAYS_SEARCH_USER_PATHS = NO;
				CLANG_ANALYZER_NONNULL = YES;
				CLANG_CXX_LANGUAGE_STANDARD = "gnu++0x";
				CLANG_CXX_LIBRARY = "libc++";
				CLANG_ENABLE_MODULES = YES;
				CLANG_ENABLE_OBJC_ARC = YES;
				CLANG_WARN_BOOL_CONVERSION = YES;
				CLANG_WARN_CONSTANT_CONVERSION = YES;
				CLANG_WARN_DIRECT_OBJC_ISA_USAGE = YES_ERROR;
				CLANG_WARN_DOCUMENTATION_COMMENTS = YES;
				CLANG_WARN_EMPTY_BODY = YES;
				CLANG_WARN_ENUM_CONVERSION = YES;
				CLANG_WARN_INFINITE_RECURSION = YES;
				CLANG_WARN_INT_CONVERSION = YES;
				CLANG_WARN_OBJC_ROOT_CLASS = YES_ERROR;
				CLANG_WARN_SUSPICIOUS_MOVE = YES;
				CLANG_WARN_UNREACHABLE_CODE = YES;
				CLANG_WARN__DUPLICATE_METHOD_MATCH = YES;
				"CODE_SIGN_IDENTITY[sdk=iphoneos*]" = "iPhone Developer";
				COPY_PHASE_STRIP = NO;
				DEBUG_INFORMATION_FORMAT = "dwarf-with-dsym";
				ENABLE_NS_ASSERTIONS = NO;
				ENABLE_STRICT_OBJC_MSGSEND = YES;
				GCC_C_LANGUAGE_STANDARD = gnu99;
				GCC_NO_COMMON_BLOCKS = YES;
				GCC_WARN_64_TO_32_BIT_CONVERSION = YES;
				GCC_WARN_ABOUT_RETURN_TYPE = YES_ERROR;
				GCC_WARN_UNDECLARED_SELECTOR = YES;
				GCC_WARN_UNINITIALIZED_AUTOS = YES_AGGRESSIVE;
				GCC_WARN_UNUSED_FUNCTION = YES;
				GCC_WARN_UNUSED_VARIABLE = YES;
				IPHONEOS_DEPLOYMENT_TARGET = 10.2;
				MTL_ENABLE_DEBUG_INFO = NO;
				SDKROOT = iphoneos;
				SWIFT_OPTIMIZATION_LEVEL = "-Owholemodule";
				TARGETED_DEVICE_FAMILY = "1,2";
				VALIDATE_PRODUCT = YES;
			};
			name = Release;
		};
		601DD6FF1EB4E2A700F3CD8B /* Debug */ = {
			isa = XCBuildConfiguration;
			buildSettings = {
				ASSETCATALOG_COMPILER_APPICON_NAME = AppIcon;
				INFOPLIST_FILE = AutoLayout/Info.plist;
				LD_RUNPATH_SEARCH_PATHS = "$(inherited) @executable_path/Frameworks";
				PRODUCT_BUNDLE_IDENTIFIER = com.pankaj.AutoLayout;
				PRODUCT_NAME = "$(TARGET_NAME)";
				SWIFT_VERSION = 3.0;
			};
			name = Debug;
		};
		601DD7001EB4E2A700F3CD8B /* Release */ = {
			isa = XCBuildConfiguration;
			buildSettings = {
				ASSETCATALOG_COMPILER_APPICON_NAME = AppIcon;
				INFOPLIST_FILE = AutoLayout/Info.plist;
				LD_RUNPATH_SEARCH_PATHS = "$(inherited) @executable_path/Frameworks";
				PRODUCT_BUNDLE_IDENTIFIER = com.pankaj.AutoLayout;
				PRODUCT_NAME = "$(TARGET_NAME)";
				SWIFT_VERSION = 3.0;
			};
			name = Release;
		};
		601DD7021EB4E2A700F3CD8B /* Debug */ = {
			isa = XCBuildConfiguration;
			buildSettings = {
				ALWAYS_EMBED_SWIFT_STANDARD_LIBRARIES = YES;
				BUNDLE_LOADER = "$(TEST_HOST)";
				INFOPLIST_FILE = AutoLayoutTests/Info.plist;
				LD_RUNPATH_SEARCH_PATHS = "$(inherited) @executable_path/Frameworks @loader_path/Frameworks";
				PRODUCT_BUNDLE_IDENTIFIER = com.pankaj.AutoLayoutTests;
				PRODUCT_NAME = "$(TARGET_NAME)";
				SWIFT_VERSION = 3.0;
				TEST_HOST = "$(BUILT_PRODUCTS_DIR)/AutoLayout.app/AutoLayout";
			};
			name = Debug;
		};
		601DD7031EB4E2A700F3CD8B /* Release */ = {
			isa = XCBuildConfiguration;
			buildSettings = {
				ALWAYS_EMBED_SWIFT_STANDARD_LIBRARIES = YES;
				BUNDLE_LOADER = "$(TEST_HOST)";
				INFOPLIST_FILE = AutoLayoutTests/Info.plist;
				LD_RUNPATH_SEARCH_PATHS = "$(inherited) @executable_path/Frameworks @loader_path/Frameworks";
				PRODUCT_BUNDLE_IDENTIFIER = com.pankaj.AutoLayoutTests;
				PRODUCT_NAME = "$(TARGET_NAME)";
				SWIFT_VERSION = 3.0;
				TEST_HOST = "$(BUILT_PRODUCTS_DIR)/AutoLayout.app/AutoLayout";
			};
			name = Release;
		};
		601DD7051EB4E2A700F3CD8B /* Debug */ = {
			isa = XCBuildConfiguration;
			buildSettings = {
				ALWAYS_EMBED_SWIFT_STANDARD_LIBRARIES = YES;
				INFOPLIST_FILE = AutoLayoutUITests/Info.plist;
				LD_RUNPATH_SEARCH_PATHS = "$(inherited) @executable_path/Frameworks @loader_path/Frameworks";
				PRODUCT_BUNDLE_IDENTIFIER = com.pankaj.AutoLayoutUITests;
				PRODUCT_NAME = "$(TARGET_NAME)";
				SWIFT_VERSION = 3.0;
				TEST_TARGET_NAME = AutoLayout;
			};
			name = Debug;
		};
		601DD7061EB4E2A700F3CD8B /* Release */ = {
			isa = XCBuildConfiguration;
			buildSettings = {
				ALWAYS_EMBED_SWIFT_STANDARD_LIBRARIES = YES;
				INFOPLIST_FILE = AutoLayoutUITests/Info.plist;
				LD_RUNPATH_SEARCH_PATHS = "$(inherited) @executable_path/Frameworks @loader_path/Frameworks";
				PRODUCT_BUNDLE_IDENTIFIER = com.pankaj.AutoLayoutUITests;
				PRODUCT_NAME = "$(TARGET_NAME)";
				SWIFT_VERSION = 3.0;
				TEST_TARGET_NAME = AutoLayout;
			};
			name = Release;
		};
/* End XCBuildConfiguration section */

/* Begin XCConfigurationList section */
		601DD6D11EB4E2A600F3CD8B /* Build configuration list for PBXProject "AutoLayout" */ = {
			isa = XCConfigurationList;
			buildConfigurations = (
				601DD6FC1EB4E2A700F3CD8B /* Debug */,
				601DD6FD1EB4E2A700F3CD8B /* Release */,
			);
			defaultConfigurationIsVisible = 0;
			defaultConfigurationName = Release;
		};
		601DD6FE1EB4E2A700F3CD8B /* Build configuration list for PBXNativeTarget "AutoLayout" */ = {
			isa = XCConfigurationList;
			buildConfigurations = (
				601DD6FF1EB4E2A700F3CD8B /* Debug */,
				601DD7001EB4E2A700F3CD8B /* Release */,
			);
			defaultConfigurationIsVisible = 0;
		};
		601DD7011EB4E2A700F3CD8B /* Build configuration list for PBXNativeTarget "AutoLayoutTests" */ = {
			isa = XCConfigurationList;
			buildConfigurations = (
				601DD7021EB4E2A700F3CD8B /* Debug */,
				601DD7031EB4E2A700F3CD8B /* Release */,
			);
			defaultConfigurationIsVisible = 0;
		};
		601DD7041EB4E2A700F3CD8B /* Build configuration list for PBXNativeTarget "AutoLayoutUITests" */ = {
			isa = XCConfigurationList;
			buildConfigurations = (
				601DD7051EB4E2A700F3CD8B /* Debug */,
				601DD7061EB4E2A700F3CD8B /* Release */,
			);
			defaultConfigurationIsVisible = 0;
		};
/* End XCConfigurationList section */
	};
	rootObject = 601DD6CE1EB4E2A600F3CD8B /* Project object */;
}
